
Microsoft Visual Studio Solution File, Format Version 12.00
# Visual Studio Version 16
VisualStudioVersion = 16.0.29215.179
MinimumVisualStudioVersion = 10.0.40219.1
Project("{FAE04EC0-301F-11D3-BF4B-00C04F79EFBC}") = "Pilas", "Pilas\Pilas.csproj", "{4E6EC825-DDF3-413B-8F56-BC178B33900C}"
EndProject
Global
	GlobalSection(SolutionConfigurationPlatforms) = preSolution
		Debug|Any CPU = Debug|Any CPU
		Release|Any CPU = Release|Any CPU
	EndGlobalSection
	GlobalSection(ProjectConfigurationPlatforms) = postSolution
		{4E6EC825-DDF3-413B-8F56-BC178B33900C}.Debug|Any CPU.ActiveCfg = Debug|Any CPU
		{4E6EC825-DDF3-413B-8F56-BC178B33900C}.Debug|Any CPU.Build.0 = Debug|Any CPU
		{4E6EC825-DDF3-413B-8F56-BC178B33900C}.Release|Any CPU.ActiveCfg = Release|Any CPU
		{4E6EC825-DDF3-413B-8F56-BC178B33900C}.Release|Any CPU.Build.0 = Release|Any CPU
	EndGlobalSection
	GlobalSection(SolutionProperties) = preSolution
		HideSolutionNode = FALSE
	EndGlobalSection
	GlobalSection(ExtensibilityGlobals) = postSolution
		SolutionGuid = {7238CDD9-8B7C-4C27-88F2-8251D9A60127}
	EndGlobalSection
EndGlobal
